// !$*UTF8*$!
{
	archiveVersion = 1;
	classes = {
	};
	objectVersion = 54;
	objects = {

/* Begin PBXBuildFile section */
		3E10B0592B3C99F5009BF784 /* AccessibilityApp.swift in Sources */ = {isa = PBXBuildFile; fileRef = 3E10B0582B3C99F5009BF784 /* AccessibilityApp.swift */; };
		3E10B05B2B3C99F5009BF784 /* NewsPageView.swift in Sources */ = {isa = PBXBuildFile; fileRef = 3E10B05A2B3C99F5009BF784 /* NewsPageView.swift */; };
		3E10B05D2B3C99FB009BF784 /* Assets.xcassets in Resources */ = {isa = PBXBuildFile; fileRef = 3E10B05C2B3C99FB009BF784 /* Assets.xcassets */; };
		3E10B0602B3C99FB009BF784 /* Preview Assets.xcassets in Resources */ = {isa = PBXBuildFile; fileRef = 3E10B05F2B3C99FB009BF784 /* Preview Assets.xcassets */; };
		3E10B06C2B3CA0ED009BF784 /* ArticleModel.swift in Sources */ = {isa = PBXBuildFile; fileRef = 3E10B06B2B3CA0ED009BF784 /* ArticleModel.swift */; };
		3E10B0722B3CA4A4009BF784 /* NewsViewModel.swift in Sources */ = {isa = PBXBuildFile; fileRef = 3E10B0712B3CA4A4009BF784 /* NewsViewModel.swift */; };
		3E10B07A2B3CAD99009BF784 /* NewsPackage in Frameworks */ = {isa = PBXBuildFile; productRef = 3E10B0792B3CAD99009BF784 /* NewsPackage */; };
		3E3789902B3D2E42005AE671 /* GenericNetworkLayer.swift in Sources */ = {isa = PBXBuildFile; fileRef = 3E37898F2B3D2E41005AE671 /* GenericNetworkLayer.swift */; };
/* End PBXBuildFile section */

/* Begin PBXFileReference section */
		3E10B0552B3C99F5009BF784 /* Accessibility.app */ = {isa = PBXFileReference; explicitFileType = wrapper.application; includeInIndex = 0; path = Accessibility.app; sourceTree = BUILT_PRODUCTS_DIR; };
		3E10B0582B3C99F5009BF784 /* AccessibilityApp.swift */ = {isa = PBXFileReference; lastKnownFileType = sourcecode.swift; path = AccessibilityApp.swift; sourceTree = "<group>"; };
		3E10B05A2B3C99F5009BF784 /* NewsPageView.swift */ = {isa = PBXFileReference; lastKnownFileType = sourcecode.swift; path = NewsPageView.swift; sourceTree = "<group>"; };
		3E10B05C2B3C99FB009BF784 /* Assets.xcassets */ = {isa = PBXFileReference; lastKnownFileType = folder.assetcatalog; path = Assets.xcassets; sourceTree = "<group>"; };
		3E10B05F2B3C99FB009BF784 /* Preview Assets.xcassets */ = {isa = PBXFileReference; lastKnownFileType = folder.assetcatalog; path = "Preview Assets.xcassets"; sourceTree = "<group>"; };
		3E10B0612B3C99FB009BF784 /* Info.plist */ = {isa = PBXFileReference; lastKnownFileType = text.plist.xml; path = Info.plist; sourceTree = "<group>"; };
		3E10B06B2B3CA0ED009BF784 /* ArticleModel.swift */ = {isa = PBXFileReference; lastKnownFileType = sourcecode.swift; path = ArticleModel.swift; sourceTree = "<group>"; };
		3E10B0712B3CA4A4009BF784 /* NewsViewModel.swift */ = {isa = PBXFileReference; lastKnownFileType = sourcecode.swift; path = NewsViewModel.swift; sourceTree = "<group>"; };
		3E37898F2B3D2E41005AE671 /* GenericNetworkLayer.swift */ = {isa = PBXFileReference; lastKnownFileType = sourcecode.swift; path = GenericNetworkLayer.swift; sourceTree = "<group>"; };
/* End PBXFileReference section */

/* Begin PBXFrameworksBuildPhase section */
		3E10B0522B3C99F4009BF784 /* Frameworks */ = {
			isa = PBXFrameworksBuildPhase;
			buildActionMask = 2147483647;
			files = (
				3E10B07A2B3CAD99009BF784 /* NewsPackage in Frameworks */,
			);
			runOnlyForDeploymentPostprocessing = 0;
		};
/* End PBXFrameworksBuildPhase section */

/* Begin PBXGroup section */
		3E10B04C2B3C99F4009BF784 = {
			isa = PBXGroup;
			children = (
				3E10B0572B3C99F5009BF784 /* Accessibility */,
				3E10B0562B3C99F5009BF784 /* Products */,
			);
			sourceTree = "<group>";
		};
		3E10B0562B3C99F5009BF784 /* Products */ = {
			isa = PBXGroup;
			children = (
				3E10B0552B3C99F5009BF784 /* Accessibility.app */,
			);
			name = Products;
			sourceTree = "<group>";
		};
		3E10B0572B3C99F5009BF784 /* Accessibility */ = {
			isa = PBXGroup;
			children = (
				3E10B0702B3CA488009BF784 /* ViewModel */,
				3E10B0692B3CA0A8009BF784 /* Views */,
				3E10B06A2B3CA0BE009BF784 /* Model */,
				3E10B0582B3C99F5009BF784 /* AccessibilityApp.swift */,
				3E10B05C2B3C99FB009BF784 /* Assets.xcassets */,
				3E10B0612B3C99FB009BF784 /* Info.plist */,
				3E10B05E2B3C99FB009BF784 /* Preview Content */,
				3E37898F2B3D2E41005AE671 /* GenericNetworkLayer.swift */,
			);
			path = Accessibility;
			sourceTree = "<group>";
		};
		3E10B05E2B3C99FB009BF784 /* Preview Content */ = {
			isa = PBXGroup;
			children = (
				3E10B05F2B3C99FB009BF784 /* Preview Assets.xcassets */,
			);
			path = "Preview Content";
			sourceTree = "<group>";
		};
		3E10B0692B3CA0A8009BF784 /* Views */ = {
			isa = PBXGroup;
			children = (
				3E10B05A2B3C99F5009BF784 /* NewsPageView.swift */,
			);
			path = Views;
			sourceTree = "<group>";
		};
		3E10B06A2B3CA0BE009BF784 /* Model */ = {
			isa = PBXGroup;
			children = (
				3E10B06B2B3CA0ED009BF784 /* ArticleModel.swift */,
			);
			path = Model;
			sourceTree = "<group>";
		};
		3E10B0702B3CA488009BF784 /* ViewModel */ = {
			isa = PBXGroup;
			children = (
				3E10B0712B3CA4A4009BF784 /* NewsViewModel.swift */,
			);
			path = ViewModel;
			sourceTree = "<group>";
		};
/* End PBXGroup section */

/* Begin PBXNativeTarget section */
		3E10B0542B3C99F4009BF784 /* Accessibility */ = {
			isa = PBXNativeTarget;
			buildConfigurationList = 3E10B0642B3C99FB009BF784 /* Build configuration list for PBXNativeTarget "Accessibility" */;
			buildPhases = (
				3E10B0512B3C99F4009BF784 /* Sources */,
				3E10B0522B3C99F4009BF784 /* Frameworks */,
				3E10B0532B3C99F4009BF784 /* Resources */,
			);
			buildRules = (
			);
			dependencies = (
			);
			name = Accessibility;
			packageProductDependencies = (
				3E10B0792B3CAD99009BF784 /* NewsPackage */,
			);
			productName = Accessibility;
			productReference = 3E10B0552B3C99F5009BF784 /* Accessibility.app */;
			productType = "com.apple.product-type.application";
		};
/* End PBXNativeTarget section */

/* Begin PBXProject section */
		3E10B04D2B3C99F4009BF784 /* Project object */ = {
			isa = PBXProject;
			attributes = {
				LastSwiftUpdateCheck = 1240;
				LastUpgradeCheck = 1240;
				TargetAttributes = {
					3E10B0542B3C99F4009BF784 = {
						CreatedOnToolsVersion = 12.4;
					};
				};
			};
			buildConfigurationList = 3E10B0502B3C99F4009BF784 /* Build configuration list for PBXProject "Accessibility" */;
			compatibilityVersion = "Xcode 12.0";
			developmentRegion = en;
			hasScannedForEncodings = 0;
			knownRegions = (
				en,
				Base,
			);
			mainGroup = 3E10B04C2B3C99F4009BF784;
			packageReferences = (
				3E10B0782B3CAD99009BF784 /* XCRemoteSwiftPackageReference "APICalls" */,
			);
			productRefGroup = 3E10B0562B3C99F5009BF784 /* Products */;
			projectDirPath = "";
			projectRoot = "";
			targets = (
				3E10B0542B3C99F4009BF784 /* Accessibility */,
			);
		};
/* End PBXProject section */

/* Begin PBXResourcesBuildPhase section */
		3E10B0532B3C99F4009BF784 /* Resources */ = {
			isa = PBXResourcesBuildPhase;
			buildActionMask = 2147483647;
			files = (
				3E10B0602B3C99FB009BF784 /* Preview Assets.xcassets in Resources */,
				3E10B05D2B3C99FB009BF784 /* Assets.xcassets in Resources */,
			);
			runOnlyForDeploymentPostprocessing = 0;
		};
/* End PBXResourcesBuildPhase section */

/* Begin PBXSourcesBuildPhase section */
		3E10B0512B3C99F4009BF784 /* Sources */ = {
			isa = PBXSourcesBuildPhase;
			buildActionMask = 2147483647;
			files = (
				3E10B05B2B3C99F5009BF784 /* NewsPageView.swift in Sources */,
				3E10B06C2B3CA0ED009BF784 /* ArticleModel.swift in Sources */,
				3E10B0592B3C99F5009BF784 /* AccessibilityApp.swift in Sources */,
				3E3789902B3D2E42005AE671 /* GenericNetworkLayer.swift in Sources */,
				3E10B0722B3CA4A4009BF784 /* NewsViewModel.swift in Sources */,
			);
			runOnlyForDeploymentPostprocessing = 0;
		};
/* End PBXSourcesBuildPhase section */

/* Begin XCBuildConfiguration section */
		3E10B0622B3C99FB009BF784 /* Debug */ = {
			isa = XCBuildConfiguration;
			buildSettings = {
				ALWAYS_SEARCH_USER_PATHS = NO;
				CLANG_ANALYZER_NONNULL = YES;
				CLANG_ANALYZER_NUMBER_OBJECT_CONVERSION = YES_AGGRESSIVE;
				CLANG_CXX_LANGUAGE_STANDARD = "gnu++14";
				CLANG_CXX_LIBRARY = "libc++";
				CLANG_ENABLE_MODULES = YES;
				CLANG_ENABLE_OBJC_ARC = YES;
				CLANG_ENABLE_OBJC_WEAK = YES;
				CLANG_WARN_BLOCK_CAPTURE_AUTORELEASING = YES;
				CLANG_WARN_BOOL_CONVERSION = YES;
				CLANG_WARN_COMMA = YES;
				CLANG_WARN_CONSTANT_CONVERSION = YES;
				CLANG_WARN_DEPRECATED_OBJC_IMPLEMENTATIONS = YES;
				CLANG_WARN_DIRECT_OBJC_ISA_USAGE = YES_ERROR;
				CLANG_WARN_DOCUMENTATION_COMMENTS = YES;
				CLANG_WARN_EMPTY_BODY = YES;
				CLANG_WARN_ENUM_CONVERSION = YES;
				CLANG_WARN_INFINITE_RECURSION = YES;
				CLANG_WARN_INT_CONVERSION = YES;
				CLANG_WARN_NON_LITERAL_NULL_CONVERSION = YES;
				CLANG_WARN_OBJC_IMPLICIT_RETAIN_SELF = YES;
				CLANG_WARN_OBJC_LITERAL_CONVERSION = YES;
				CLANG_WARN_OBJC_ROOT_CLASS = YES_ERROR;
				CLANG_WARN_QUOTED_INCLUDE_IN_FRAMEWORK_HEADER = YES;
				CLANG_WARN_RANGE_LOOP_ANALYSIS = YES;
				CLANG_WARN_STRICT_PROTOTYPES = YES;
				CLANG_WARN_SUSPICIOUS_MOVE = YES;
				CLANG_WARN_UNGUARDED_AVAILABILITY = YES_AGGRESSIVE;
				CLANG_WARN_UNREACHABLE_CODE = YES;
				CLANG_WARN__DUPLICATE_METHOD_MATCH = YES;
				COPY_PHASE_STRIP = NO;
				DEBUG_INFORMATION_FORMAT = dwarf;
				ENABLE_STRICT_OBJC_MSGSEND = YES;
				ENABLE_TESTABILITY = YES;
				GCC_C_LANGUAGE_STANDARD = gnu11;
				GCC_DYNAMIC_NO_PIC = NO;
				GCC_NO_COMMON_BLOCKS = YES;
				GCC_OPTIMIZATION_LEVEL = 0;
				GCC_PREPROCESSOR_DEFINITIONS = (
					"DEBUG=1",
					"$(inherited)",
				);
				GCC_WARN_64_TO_32_BIT_CONVERSION = YES;
				GCC_WARN_ABOUT_RETURN_TYPE = YES_ERROR;
				GCC_WARN_UNDECLARED_SELECTOR = YES;
				GCC_WARN_UNINITIALIZED_AUTOS = YES_AGGRESSIVE;
				GCC_WARN_UNUSED_FUNCTION = YES;
				GCC_WARN_UNUSED_VARIABLE = YES;
				IPHONEOS_DEPLOYMENT_TARGET = 14.4;
				MTL_ENABLE_DEBUG_INFO = INCLUDE_SOURCE;
				MTL_FAST_MATH = YES;
				ONLY_ACTIVE_ARCH = YES;
				SDKROOT = iphoneos;
				SWIFT_ACTIVE_COMPILATION_CONDITIONS = DEBUG;
				SWIFT_OPTIMIZATION_LEVEL = "-Onone";
			};
			name = Debug;
		};
		3E10B0632B3C99FB009BF784 /* Release */ = {
			isa = XCBuildConfiguration;
			buildSettings = {
				ALWAYS_SEARCH_USER_PATHS = NO;
				CLANG_ANALYZER_NONNULL = YES;
				CLANG_ANALYZER_NUMBER_OBJECT_CONVERSION = YES_AGGRESSIVE;
				CLANG_CXX_LANGUAGE_STANDARD = "gnu++14";
				CLANG_CXX_LIBRARY = "libc++";
				CLANG_ENABLE_MODULES = YES;
				CLANG_ENABLE_OBJC_ARC = YES;
				CLANG_ENABLE_OBJC_WEAK = YES;
				CLANG_WARN_BLOCK_CAPTURE_AUTORELEASING = YES;
				CLANG_WARN_BOOL_CONVERSION = YES;
				CLANG_WARN_COMMA = YES;
				CLANG_WARN_CONSTANT_CONVERSION = YES;
				CLANG_WARN_DEPRECATED_OBJC_IMPLEMENTATIONS = YES;
				CLANG_WARN_DIRECT_OBJC_ISA_USAGE = YES_ERROR;
				CLANG_WARN_DOCUMENTATION_COMMENTS = YES;
				CLANG_WARN_EMPTY_BODY = YES;
				CLANG_WARN_ENUM_CONVERSION = YES;
				CLANG_WARN_INFINITE_RECURSION = YES;
				CLANG_WARN_INT_CONVERSION = YES;
				CLANG_WARN_NON_LITERAL_NULL_CONVERSION = YES;
				CLANG_WARN_OBJC_IMPLICIT_RETAIN_SELF = YES;
				CLANG_WARN_OBJC_LITERAL_CONVERSION = YES;
				CLANG_WARN_OBJC_ROOT_CLASS = YES_ERROR;
				CLANG_WARN_QUOTED_INCLUDE_IN_FRAMEWORK_HEADER = YES;
				CLANG_WARN_RANGE_LOOP_ANALYSIS = YES;
				CLANG_WARN_STRICT_PROTOTYPES = YES;
				CLANG_WARN_SUSPICIOUS_MOVE = YES;
				CLANG_WARN_UNGUARDED_AVAILABILITY = YES_AGGRESSIVE;
				CLANG_WARN_UNREACHABLE_CODE = YES;
				CLANG_WARN__DUPLICATE_METHOD_MATCH = YES;
				COPY_PHASE_STRIP = NO;
				DEBUG_INFORMATION_FORMAT = "dwarf-with-dsym";
				ENABLE_NS_ASSERTIONS = NO;
				ENABLE_STRICT_OBJC_MSGSEND = YES;
				GCC_C_LANGUAGE_STANDARD = gnu11;
				GCC_NO_COMMON_BLOCKS = YES;
				GCC_WARN_64_TO_32_BIT_CONVERSION = YES;
				GCC_WARN_ABOUT_RETURN_TYPE = YES_ERROR;
				GCC_WARN_UNDECLARED_SELECTOR = YES;
				GCC_WARN_UNINITIALIZED_AUTOS = YES_AGGRESSIVE;
				GCC_WARN_UNUSED_FUNCTION = YES;
				GCC_WARN_UNUSED_VARIABLE = YES;
				IPHONEOS_DEPLOYMENT_TARGET = 14.4;
				MTL_ENABLE_DEBUG_INFO = NO;
				MTL_FAST_MATH = YES;
				SDKROOT = iphoneos;
				SWIFT_COMPILATION_MODE = wholemodule;
				SWIFT_OPTIMIZATION_LEVEL = "-O";
				VALIDATE_PRODUCT = YES;
			};
			name = Release;
		};
		3E10B0652B3C99FB009BF784 /* Debug */ = {
			isa = XCBuildConfiguration;
			buildSettings = {
				ASSETCATALOG_COMPILER_APPICON_NAME = AppIcon;
				ASSETCATALOG_COMPILER_GLOBAL_ACCENT_COLOR_NAME = AccentColor;
				CODE_SIGN_STYLE = Automatic;
				DEVELOPMENT_ASSET_PATHS = "\"Accessibility/Preview Content\"";
				ENABLE_PREVIEWS = YES;
				INFOPLIST_FILE = Accessibility/Info.plist;
				IPHONEOS_DEPLOYMENT_TARGET = 14.0;
				LD_RUNPATH_SEARCH_PATHS = (
					"$(inherited)",
					"@executable_path/Frameworks",
				);
				PRODUCT_BUNDLE_IDENTIFIER = com.tbcAcademy.Accessibility;
				PRODUCT_NAME = "$(TARGET_NAME)";
				SWIFT_VERSION = 5.0;
				TARGETED_DEVICE_FAMILY = "1,2";
			};
			name = Debug;
		};
		3E10B0662B3C99FB009BF784 /* Release */ = {
			isa = XCBuildConfiguration;
			buildSettings = {
				ASSETCATALOG_COMPILER_APPICON_NAME = AppIcon;
				ASSETCATALOG_COMPILER_GLOBAL_ACCENT_COLOR_NAME = AccentColor;
				CODE_SIGN_STYLE = Automatic;
				DEVELOPMENT_ASSET_PATHS = "\"Accessibility/Preview Content\"";
				ENABLE_PREVIEWS = YES;
				INFOPLIST_FILE = Accessibility/Info.plist;
				IPHONEOS_DEPLOYMENT_TARGET = 14.0;
				LD_RUNPATH_SEARCH_PATHS = (
					"$(inherited)",
					"@executable_path/Frameworks",
				);
				PRODUCT_BUNDLE_IDENTIFIER = com.tbcAcademy.Accessibility;
				PRODUCT_NAME = "$(TARGET_NAME)";
				SWIFT_VERSION = 5.0;
				TARGETED_DEVICE_FAMILY = "1,2";
			};
			name = Release;
		};
/* End XCBuildConfiguration section */

/* Begin XCConfigurationList section */
		3E10B0502B3C99F4009BF784 /* Build configuration list for PBXProject "Accessibility" */ = {
			isa = XCConfigurationList;
			buildConfigurations = (
				3E10B0622B3C99FB009BF784 /* Debug */,
				3E10B0632B3C99FB009BF784 /* Release */,
			);
			defaultConfigurationIsVisible = 0;
			defaultConfigurationName = Release;
		};
		3E10B0642B3C99FB009BF784 /* Build configuration list for PBXNativeTarget "Accessibility" */ = {
			isa = XCConfigurationList;
			buildConfigurations = (
				3E10B0652B3C99FB009BF784 /* Debug */,
				3E10B0662B3C99FB009BF784 /* Release */,
			);
			defaultConfigurationIsVisible = 0;
			defaultConfigurationName = Release;
		};
/* End XCConfigurationList section */

/* Begin XCRemoteSwiftPackageReference section */
		3E10B0782B3CAD99009BF784 /* XCRemoteSwiftPackageReference "APICalls" */ = {
			isa = XCRemoteSwiftPackageReference;
			repositoryURL = "https://github.com/Agladze-Tekla/APICalls.git";
			requirement = {
				branch = main;
				kind = branch;
			};
		};
/* End XCRemoteSwiftPackageReference section */

/* Begin XCSwiftPackageProductDependency section */
		3E10B0792B3CAD99009BF784 /* NewsPackage */ = {
			isa = XCSwiftPackageProductDependency;
			package = 3E10B0782B3CAD99009BF784 /* XCRemoteSwiftPackageReference "APICalls" */;
			productName = NewsPackage;
		};
/* End XCSwiftPackageProductDependency section */
	};
	rootObject = 3E10B04D2B3C99F4009BF784 /* Project object */;
}
